{
    "version": 3,
    "terraform_version": "0.11.8",
    "serial": 3,
    "lineage": "0bb3b8a2-be54-de4f-3f1a-11807c5b7ff5",
    "modules": [
        {
            "path": [
                "root"
            ],
            "outputs": {},
            "resources": {
                "google_container_cluster.gke-cluster": {
                    "type": "google_container_cluster",
                    "depends_on": [],
                    "primary": {
                        "id": "tutorial-gke-cluster",
                        "attributes": {
                            "additional_zones.#": "0",
                            "addons_config.#": "1",
                            "addons_config.0.horizontal_pod_autoscaling.#": "0",
                            "addons_config.0.http_load_balancing.#": "0",
                            "addons_config.0.kubernetes_dashboard.#": "1",
                            "addons_config.0.kubernetes_dashboard.0.disabled": "true",
                            "addons_config.0.network_policy_config.#": "1",
                            "addons_config.0.network_policy_config.0.disabled": "true",
                            "cluster_autoscaling.#": "0",
                            "cluster_ipv4_cidr": "10.20.0.0/14",
                            "description": "",
                            "enable_binary_authorization": "false",
                            "enable_kubernetes_alpha": "false",
                            "enable_legacy_abac": "false",
                            "enable_tpu": "false",
                            "endpoint": "35.233.197.188",
                            "id": "tutorial-gke-cluster",
                            "initial_node_count": "3",
                            "instance_group_urls.#": "1",
                            "instance_group_urls.0": "https://www.googleapis.com/compute/v1/projects/able-rune-147405/zones/us-west1-a/instanceGroups/gke-tutorial-gke-cluster-default-pool-2445fee2-grp",
                            "ip_allocation_policy.#": "0",
                            "logging_service": "logging.googleapis.com",
                            "maintenance_policy.#": "0",
                            "master_auth.#": "1",
                            "master_auth.0.client_certificate": "LS0tLS1CRUdJTiBDRVJUSUZJQ0FURS0tLS0tCk1JSUMyekNDQWNPZ0F3SUJBZ0lSQUl3b1ZMV3lZZEtBUzFpRjF3K2RtTm93RFFZSktvWklodmNOQVFFTEJRQXcKTHpFdE1Dc0dBMVVFQXhNa1pEa3daalkyTkdVdFl6VTNNQzAwTVRsakxXRXdZalV0WVRnNE5qVTVaV1F3T1RCbQpNQjRYRFRFNU1ESXdNekE0TXpVeE5sb1hEVEkwTURJd01qQTRNelV4Tmxvd0VURVBNQTBHQTFVRUF4TUdZMnhwClpXNTBNSUlCSWpBTkJna3Foa2lHOXcwQkFRRUZBQU9DQVE4QU1JSUJDZ0tDQVFFQXdzUXp1bGpQNFN6Y2Iva0kKa0t0bUpSaVZqdHBaNk84N0ppVU8vQjFzdUFkL203dHlKVlZkRHpabGwvMnkySjRaeFlQZkxUUDRSUnJWT0V6eApIeHBmZ1VxbXdqYnc4dVAxT1B2TlFWTGZzNnpVRS9SR3E3dEx1VkJqRis2djl5WHM4czA4VjIzVU5qK3hHYk53Cjk5Y2NnL0F4eUN6Q2s1Mm9zVXhoTGViWU50RG5XNjlVSUhqenZRUU9aNm1JekwvZ0NIRjVqalRGS2FEc0J3WlMKYmU5NTJHWjkvQndDTXFjbmxERTdSUEFFRjZxVm1tNCt5bWFUQUs3NkJRMTQxQW5PTjJxSWlsMzBLYnh0WjRRaApzUFVGS0lxSEEzVllUWkFVR3BKblJxSU42L3JJNjJrTk5zOEtsWmpWYkJybVdQZU1lM1NXRWNDM3c4ZFY3NjU3Ckl4Nit6d0lEQVFBQm94QXdEakFNQmdOVkhSTUJBZjhFQWpBQU1BMEdDU3FHU0liM0RRRUJDd1VBQTRJQkFRQU8KL1YrNjNxc1NuMVA2bmN4S2hWcDdodEZSY0tPWWdYRllmd09TZkl0QTZxOHVJV0huYzNuMHlSVEd1MVJaQWh2VwpKVnVJbXQ0NXJKQkI3a08xMFhuNXdPMXF1WXZwaGZaVGZkMXNBMFk2NWNnRHpHeGVrSlE3MEJ6TlBMR3g3Z014ClJaODZyK2xHSVFhcmZzOVZsQlducEFCZFF5RHpNRHpRQ2RVcjREY3NoWno1VlREVkZpSGNyVDhGV3Z3UW12c2oKeXhiSVFpN1dMb3JGNjdYYnlKWXhHSVdyLzhxSGJxenV3NzMwVmxWWCtCUGIwSU9Ucm9Bd2J4RHFoeWhzSC9mdAprVnpXckV2dEI5MFRTNFh0SnREYkVjMGJDYmdBeDYvRzBaOEJzSld1bUhqSXJVQnlpSERIOUVicnAvSW5QNTEwClVUUUFDWUlhOHNNeGEyQmFzRVVzCi0tLS0tRU5EIENFUlRJRklDQVRFLS0tLS0K",
                            "master_auth.0.client_certificate_config.#": "0",
                            "master_auth.0.client_key": "LS0tLS1CRUdJTiBSU0EgUFJJVkFURSBLRVktLS0tLQpNSUlFb3dJQkFBS0NBUUVBd3NRenVsalA0U3pjYi9rSWtLdG1KUmlWanRwWjZPODdKaVVPL0Ixc3VBZC9tN3R5CkpWVmREelpsbC8yeTJKNFp4WVBmTFRQNFJSclZPRXp4SHhwZmdVcW13amJ3OHVQMU9Qdk5RVkxmczZ6VUUvUkcKcTd0THVWQmpGKzZ2OXlYczhzMDhWMjNVTmoreEdiTnc5OWNjZy9BeHlDekNrNTJvc1V4aExlYllOdERuVzY5VQpJSGp6dlFRT1o2bUl6TC9nQ0hGNWpqVEZLYURzQndaU2JlOTUyR1o5L0J3Q01xY25sREU3UlBBRUY2cVZtbTQrCnltYVRBSzc2QlExNDFBbk9OMnFJaWwzMEtieHRaNFFoc1BVRktJcUhBM1ZZVFpBVUdwSm5ScUlONi9ySTYya04KTnM4S2xaalZiQnJtV1BlTWUzU1dFY0MzdzhkVjc2NTdJeDYrendJREFRQUJBb0lCQUJ2aXlrMDUvZzdpeE1VUQp4a0NBYWVXUnp0MWZOMVJQUEdGMUdOOThEd21NK1V1cmhqMEExZUYzQzdZUlVENjNsRCsxWm9vcSsyR3U1U3hrCmNubUk1YzBMTlRQRmVMRFl5L21CV1VnQVo2QnF5YlZQQlBkUzlSVkVCSXdlcVU4YzU2b2VrZG5WYUhidW5rVnMKYmNEdWZ3U3lWVTViS2tOeHVxb2lvaDlYclVsYnF6akd0QktrWGRSVHBYR3ZGbWN5ZHVwZ0lMTTRWUmVhQWNSRwpVbmw5R3BvK3YrNHlKL2ZrZWR5ZXZpbEMyeEpMUEJWSk5veWxtWVluK1pqUEttY21mTEVlZHNnUmlvWUduaG9CCi81OU56cHFxWjlNRC9PamlFdzl3RjlLSm8zWTlvdDFzM0ZFZ2Foc0tTRk13Y1RybjUvWDRFTVVHUnNkVjMwZEgKb0tlSFJ4RUNnWUVBL3U4REtJZWhZL2hEUU5aaXVQMzQ5OTdmSk1WaDlsSkVTV2YzT0ljYjZBVXMvMTlQV3pLSwpudWMxWlg3dEhEcDNFQjBHL3d2ejRTamxkVmFyU1NWTjRIeDlOMlFvMTBia1pERERRaE9zejFPTXNFUjQyWlIzCis2cXRjM0tXbGZIQ0YxV3FXamwwTVRoa2owaUM3bXhvQkRGOGN6UHBrY3p2akpMUDdMYzlMT1VDZ1lFQXc1VEMKOUlweGNKTXZxck5kZU5MWWZldUF3QXBUNGJSTkhxTzJkNnJhWHB0Q1BRU1krWmVTUVUrM1I4Smg0RFk1ZWhiOApjN0dId0ljTGZuQjhlTHg2ZElRY3hkMzVGL05oM1AvU2RCWU1zMlFXYW9GVlNzN2dBUjFsc09vajIvR0lySHRBCmlMMFlDOW4zRm5hNndFM004dUFxMTlpNEd6VVZhTzc0SVg4azlhTUNnWUJTQnRldVQ4MjNHK2VQMGl0YnVLUkcKSlJrSmZOVWphNTc3TzQrSlNiZko5UGhnaHV0Q3ZjVnFrWnhWdHZ4V0M5M0plbjJJelBEQXJ1YjkxVkF4cmVZYgo2QkptSXowYzMzdVhYVFZHYW93OC9YWVVOVVBwUm1OQXY4OGxpV1k0Z3R4Zm83bTNaQ3NsdHk1c0IvblErMktRCmp0ZXJQYlhXcXVrZEF4UVI1M2V3blFLQmdGeFQ2N3k1WmxmNGc3WVh1bmFCUW9ZZkdNYVBtWTJoS2c3ZXhoS3oKNnlaaU1PRFJQTTRHeVpwZllXeFV6Uk9sUlhqblJRSHd1dDhlWVVTdElYVjF0SEV3dE15THZ6MlpQWWV3bE04TQpZYTZGL3pjRUd4bVhrNU96SndCZlo5STZzWVNMSXFucWFtR2Q0ZEVPOTVZMHBCMjd5VDNnSnZsaEU5eFhnM2Q4CnFCdjFBb0dCQUlRV3piblY2anFxNXhpVUxKNE9sa3MwUUlkU25FRTFZMDhuM0IvbFgxNkVSYXEvM3RnR2VGQ0EKSndqWW5LMUl2N1NDNUVXYWFDZUFjeXBCL2R3S0VpM1h1OVNFTlBvSStJdzhkM3V5Q3JXT2ZYbmZoN0hoOS8vRQpvSnE1cmdUdXl5RXAveUpsUXRBcm5SR3p4T1c4Mm5HRHhJQ0FUVWZiNjA1L1VNNnFXZFhHCi0tLS0tRU5EIFJTQSBQUklWQVRFIEtFWS0tLS0tCg==",
                            "master_auth.0.cluster_ca_certificate": "LS0tLS1CRUdJTiBDRVJUSUZJQ0FURS0tLS0tCk1JSURDekNDQWZPZ0F3SUJBZ0lRZGdnb1h6K3ZmQ2ExOWJsOC9Jc3NxekFOQmdrcWhraUc5dzBCQVFzRkFEQXYKTVMwd0t3WURWUVFERXlSa09UQm1OalkwWlMxak5UY3dMVFF4T1dNdFlUQmlOUzFoT0RnMk5UbGxaREE1TUdZdwpIaGNOTVRrd01qQXpNRGN6TlRFMVdoY05NalF3TWpBeU1EZ3pOVEUxV2pBdk1TMHdLd1lEVlFRREV5UmtPVEJtCk5qWTBaUzFqTlRjd0xUUXhPV010WVRCaU5TMWhPRGcyTlRsbFpEQTVNR1l3Z2dFaU1BMEdDU3FHU0liM0RRRUIKQVFVQUE0SUJEd0F3Z2dFS0FvSUJBUURwN2xGM3JpK0w1TW5PQWx0T3NpVjNNeC80MHJqRnRXNDRMNTl2R1ArdApaUHcrdW5jNmlTVDRPRDFIc2hEZmtaOTV4SEJGaE11eDdiTzExQXp3TGoxYWtOZFY5alNLcjhWUXJKZFJzeVV3CnZkTEk2aXNVaEU3MENwUU1oK053K3RUNWFMbEFLWHhnWGZ2UVhBcnZKQnlZTEtrK3BlTWpMcExZcmlIa2kwenIKTVFVdnFCR2dSYWpjOHVCSjA0WnhkTHJZZ0h4b2VKZ3F5U0xDenZUSWVuMnhIbWdIMFo3dGFHMXRmNWRCYUM1aAphRXhDVG1ETjQ1SGlDcWMzTGdQckFZN1M3SUE0eExIRlVBL04vUmgxV0F3WTYrM3VWWkpoWmpBbUk3c2R1eGgwCkQ1STFsQU5aSFkwUTEyTVFZeEFYSG5MWHdYckRDU2RhTVREMnVPUjcxQ0R6QWdNQkFBR2pJekFoTUE0R0ExVWQKRHdFQi93UUVBd0lDQkRBUEJnTlZIUk1CQWY4RUJUQURBUUgvTUEwR0NTcUdTSWIzRFFFQkN3VUFBNElCQVFCcgp0bDFlY0paUzlsMDEyaEQxekEyNVozcElTQzEyWXNscm1DZVdzTVcwYXhyandvRER2Tmhjc3dTVXd0Qi9GQWVGCi84N0FBMDBIZGdBQmE0dTVudnRLbW5mOHgxbTVtalY5YWtWeFBIT3pUOG5ZQnRFMVFrczQwaTk4NmZwYkhXdnIKWjYvZUlYbDU0SUk4M0pOWXo1VzdmelNnWUV2YUFtNGNFR3IyQmdoWWQ3bnVHQ3JhTFp0cVFGZ2RMbVBTTW1ZNgpUMjFQRHgwenNTRUdTb1VZYVB5cnI2dEtISGw3eFhwTGE1Lzd4VGx4MXlEQzZiMkpFZUJNbjdtd3Y2VTNNR2l4CkIwQldVQ25lVVlqSFppeVhpbDFFczA2d3ZqRmY4VHc4UmlwcXNZb3pieDRZZjg1b1RJU1RUNk1oNVJCRWlHUDkKK3h3ZFZNeFBibnV2WGlOQW1iVXEKLS0tLS1FTkQgQ0VSVElGSUNBVEUtLS0tLQo=",
                            "master_auth.0.password": "sieOpPguw7K4zVnc",
                            "master_auth.0.username": "admin",
                            "master_authorized_networks_config.#": "0",
                            "master_ipv4_cidr_block": "",
                            "master_version": "1.11.6-gke.2",
                            "monitoring_service": "monitoring.googleapis.com",
                            "name": "tutorial-gke-cluster",
                            "network": "projects/able-rune-147405/global/networks/default",
                            "network_policy.#": "1",
                            "network_policy.0.enabled": "false",
                            "network_policy.0.provider": "PROVIDER_UNSPECIFIED",
                            "node_config.#": "1",
                            "node_config.0.disk_size_gb": "100",
                            "node_config.0.disk_type": "pd-standard",
                            "node_config.0.guest_accelerator.#": "0",
                            "node_config.0.image_type": "COS",
                            "node_config.0.labels.%": "0",
                            "node_config.0.local_ssd_count": "0",
                            "node_config.0.machine_type": "n1-standard-1",
                            "node_config.0.metadata.%": "0",
                            "node_config.0.min_cpu_platform": "",
                            "node_config.0.oauth_scopes.#": "6",
                            "node_config.0.oauth_scopes.1277378754": "https://www.googleapis.com/auth/monitoring",
                            "node_config.0.oauth_scopes.1632638332": "https://www.googleapis.com/auth/devstorage.read_only",
                            "node_config.0.oauth_scopes.172152165": "https://www.googleapis.com/auth/logging.write",
                            "node_config.0.oauth_scopes.316356861": "https://www.googleapis.com/auth/service.management.readonly",
                            "node_config.0.oauth_scopes.3663490875": "https://www.googleapis.com/auth/servicecontrol",
                            "node_config.0.oauth_scopes.3859019814": "https://www.googleapis.com/auth/trace.append",
                            "node_config.0.preemptible": "false",
                            "node_config.0.service_account": "default",
                            "node_config.0.tags.#": "0",
                            "node_config.0.taint.#": "0",
                            "node_config.0.workload_metadata_config.#": "0",
                            "node_pool.#": "1",
                            "node_pool.0.autoscaling.#": "0",
                            "node_pool.0.initial_node_count": "3",
                            "node_pool.0.instance_group_urls.#": "1",
                            "node_pool.0.instance_group_urls.0": "https://www.googleapis.com/compute/v1/projects/able-rune-147405/zones/us-west1-a/instanceGroupManagers/gke-tutorial-gke-cluster-default-pool-2445fee2-grp",
                            "node_pool.0.management.#": "1",
                            "node_pool.0.management.0.auto_repair": "false",
                            "node_pool.0.management.0.auto_upgrade": "false",
                            "node_pool.0.max_pods_per_node": "0",
                            "node_pool.0.name": "default-pool",
                            "node_pool.0.name_prefix": "",
                            "node_pool.0.node_config.#": "1",
                            "node_pool.0.node_config.0.disk_size_gb": "100",
                            "node_pool.0.node_config.0.disk_type": "pd-standard",
                            "node_pool.0.node_config.0.guest_accelerator.#": "0",
                            "node_pool.0.node_config.0.image_type": "COS",
                            "node_pool.0.node_config.0.labels.%": "0",
                            "node_pool.0.node_config.0.local_ssd_count": "0",
                            "node_pool.0.node_config.0.machine_type": "n1-standard-1",
                            "node_pool.0.node_config.0.metadata.%": "0",
                            "node_pool.0.node_config.0.min_cpu_platform": "",
                            "node_pool.0.node_config.0.oauth_scopes.#": "6",
                            "node_pool.0.node_config.0.oauth_scopes.1277378754": "https://www.googleapis.com/auth/monitoring",
                            "node_pool.0.node_config.0.oauth_scopes.1632638332": "https://www.googleapis.com/auth/devstorage.read_only",
                            "node_pool.0.node_config.0.oauth_scopes.172152165": "https://www.googleapis.com/auth/logging.write",
                            "node_pool.0.node_config.0.oauth_scopes.316356861": "https://www.googleapis.com/auth/service.management.readonly",
                            "node_pool.0.node_config.0.oauth_scopes.3663490875": "https://www.googleapis.com/auth/servicecontrol",
                            "node_pool.0.node_config.0.oauth_scopes.3859019814": "https://www.googleapis.com/auth/trace.append",
                            "node_pool.0.node_config.0.preemptible": "false",
                            "node_pool.0.node_config.0.service_account": "default",
                            "node_pool.0.node_config.0.tags.#": "0",
                            "node_pool.0.node_config.0.taint.#": "0",
                            "node_pool.0.node_config.0.workload_metadata_config.#": "0",
                            "node_pool.0.node_count": "3",
                            "node_pool.0.version": "1.11.6-gke.2",
                            "node_version": "1.11.6-gke.2",
                            "pod_security_policy_config.#": "0",
                            "private_cluster": "false",
                            "private_cluster_config.#": "0",
                            "project": "able-rune-147405",
                            "resource_labels.%": "0",
                            "subnetwork": "projects/able-rune-147405/regions/us-west1/subnetworks/default",
                            "zone": "us-west1-a"
                        },
                        "meta": {
                            "e2bfb730-ecaa-11e6-8f88-34363bc7c4c0": {
                                "create": 1800000000000,
                                "delete": 1800000000000,
                                "update": 600000000000
                            },
                            "schema_version": "1"
                        },
                        "tainted": false
                    },
                    "deposed": [],
                    "provider": "provider.google"
                }
            },
            "depends_on": []
        }
    ]
}
