{
    "version": 3,
    "terraform_version": "0.11.8",
    "serial": 13,
    "lineage": "0bb3b8a2-be54-de4f-3f1a-11807c5b7ff5",
    "modules": [
        {
            "path": [
                "root"
            ],
            "outputs": {},
            "resources": {
                "google_container_cluster.gke-cluster": {
                    "type": "google_container_cluster",
                    "depends_on": [],
                    "primary": {
                        "id": "tutorial-gke-cluster",
                        "attributes": {
                            "additional_zones.#": "0",
                            "addons_config.#": "1",
                            "addons_config.0.horizontal_pod_autoscaling.#": "0",
                            "addons_config.0.http_load_balancing.#": "0",
                            "addons_config.0.kubernetes_dashboard.#": "1",
                            "addons_config.0.kubernetes_dashboard.0.disabled": "true",
                            "addons_config.0.network_policy_config.#": "1",
                            "addons_config.0.network_policy_config.0.disabled": "true",
                            "cluster_autoscaling.#": "0",
                            "cluster_ipv4_cidr": "10.20.0.0/14",
                            "description": "",
                            "enable_binary_authorization": "false",
                            "enable_kubernetes_alpha": "true",
                            "enable_legacy_abac": "false",
                            "enable_tpu": "false",
                            "endpoint": "35.197.78.244",
                            "id": "tutorial-gke-cluster",
                            "initial_node_count": "3",
                            "instance_group_urls.#": "1",
                            "instance_group_urls.0": "https://www.googleapis.com/compute/v1/projects/able-rune-147405/zones/us-west1-a/instanceGroups/gke-tutorial-gke-cluster-default-pool-eb6ada97-grp",
                            "ip_allocation_policy.#": "0",
                            "logging_service": "logging.googleapis.com",
                            "maintenance_policy.#": "0",
                            "master_auth.#": "1",
                            "master_auth.0.client_certificate": "LS0tLS1CRUdJTiBDRVJUSUZJQ0FURS0tLS0tCk1JSUMyakNDQWNLZ0F3SUJBZ0lRYktHYjcrZmEyKzc1d1VGbElTOW56VEFOQmdrcWhraUc5dzBCQVFzRkFEQXYKTVMwd0t3WURWUVFERXlSbU5XSmtOalkwTlMxaU16UTBMVFEwTmpndFlXUXdZeTAyWVdWbU5HVm1Nak0wTnpjdwpIaGNOTVRrd01qQTBNVGsxTURJd1doY05NalF3TWpBek1UazFNREl3V2pBUk1ROHdEUVlEVlFRREV3WmpiR2xsCmJuUXdnZ0VpTUEwR0NTcUdTSWIzRFFFQkFRVUFBNElCRHdBd2dnRUtBb0lCQVFEUGpaRE5xQ2VaSEZrOUpkL1gKTm5IakRPdkFaRzlSU0sxUUJLS2FENWpncHpQWEk4WTgyUDdBRWVIZVB4SHo0N0pkeWhsUFRKOEREYUFTYVhSTgo2d0h1UEFWUUNlZ1pGMWNYRDhheUZWTHRtUGo5cHZLYkZRZ1lxbUxQS0xmSURROU5IVkpXTGxwVi95V00zSEQ2ClQxdTQ4U0paRXd3NXdYbUs3VVh4dTFmU1ZrTkw4MFExUCtwMGhyRGlldlN0NTVodmkyZ0FkS1Z3RkVoaERTdWwKeGRFZ2hwbFNTMEI0UjMzVDNVT1RWN2hLMEJ1SGtyb2lPVjl5OFpKR0w0UWQrWnZuZHhhZWxlMlJzSnNCbFlpdQpsS1crdUo1WXhEOThQdkRmb29YUGc0T2RHYVArOHltMU5WTWYydWxvTWs3dTZlbGVWbkREUDlkUFFLdk0rUGNBCi92bXRBZ01CQUFHakVEQU9NQXdHQTFVZEV3RUIvd1FDTUFBd0RRWUpLb1pJaHZjTkFRRUxCUUFEZ2dFQkFDSXIKQnVMMmJ3QW9wbFJLSUJmbUhEQ1hicHN5TFdWSy9VZ3FqbklYdXhqZ1dyelo0MHJCcW5ET3A4MHlLSU00cXY3WApXMnlxNFF3a3Qza2NvM2liYUFWYnlwTUk1L0lQZ2xNYWxBUGR0MklsbXRpczA3U0ZpSnFaYWlNbHRPM09KME1SClRuazV6cllGMnhmV2tGVklsMnphSkxOR3l5bXYwQmdUSm9RUlFDZWF6cVpxRnFnMEFFV2lQbFUrckF2ZmIrSW4KaDljNy9rRXlCYmNzTUVJOVZVVXZkays5RjlqTEFERkFTeEFpY25PQlRxa2NsYzRxNnhiWnp2N2tuNVpSeTQ4Rgo4L1NieHhQQ0xqQ0w5bU14S0xjUW5ycUtZWnlOL29ybWlocC9vcThLR0ZTTEVXZ0FPWUhNQWtTd3p4WGhZa296CjRBWFlrK1BRN2t0RXV6d2x4eEE9Ci0tLS0tRU5EIENFUlRJRklDQVRFLS0tLS0K",
                            "master_auth.0.client_certificate_config.#": "0",
                            "master_auth.0.client_key": "LS0tLS1CRUdJTiBSU0EgUFJJVkFURSBLRVktLS0tLQpNSUlFb1FJQkFBS0NBUUVBejQyUXphZ25tUnhaUFNYZjF6Wng0d3pyd0dSdlVVaXRVQVNpbWcrWTRLY3oxeVBHClBOait3QkhoM2o4UjgrT3lYY29aVDB5ZkF3MmdFbWwwVGVzQjdqd0ZVQW5vR1JkWEZ3L0dzaFZTN1pqNC9hYnkKbXhVSUdLcGl6eWkzeUEwUFRSMVNWaTVhVmY4bGpOeHcrazlidVBFaVdSTU1PY0Y1aXUxRjhidFgwbFpEUy9ORQpOVC9xZElhdzRucjByZWVZYjR0b0FIU2xjQlJJWVEwcnBjWFJJSWFaVWt0QWVFZDkwOTFEazFlNFN0QWJoNUs2CklqbGZjdkdTUmkrRUhmbWI1M2NXbnBYdGtiQ2JBWldJcnBTbHZyaWVXTVEvZkQ3dzM2S0Z6NE9EblJtai92TXAKdFRWVEg5cnBhREpPN3VucFhsWnd3ei9YVDBDcnpQajNBUDc1clFJREFRQUJBb0gvV3BKSHd1VEM5VEpGTExNUgpSRWJISXQvdVNnYXVqUk1wL0FwUzZwNi9QRzVNdzB4RzdJL0U1SjVXemNuY25mOElJQzZqYnh3QWtRdGhHQlYrCjlJR1pNWUdSOUlBVkVibG0yaGNzNXh2VXkwZjE4aWhWLzFibERRTUVaSWJOOVZvR3dRM0JjcldpLzFIRjdJMnoKbXZWUG82NG92TFlsZXc2cHNqK1Bhc2pvWlhLL1JlNVF1cVhXS1hnc1M2d1NGb2MxYzBFM1VTY0RCU2ZVemg2Vgpna1R0WjIwZ3oreTQvcVdIdzRLWjRPMVhwaHRPWERrMlAxYk8zM1FtYTBwV0w4aDkvUHE1UkNNaGRFcUdTZXV0CnJNZnVMbnZWNkJiZS9PdzFXcFRzTVBkeHFiQ01DMEpjZFhyZWdER3VVNU5JL2MzU21CNHc1Nlh4NVFva0taWWgKTVdZNUFvR0JBT3NITzdPdWlGQ01MVFo5VDRQdXNHZUg4NVM4N3g0RnNRd1lGMUhpMnMvL0pMZnpkS01BYjAwbApIU3hNZkJtbCtzVEtDMUFHNEtxMTZSdlloWW16Q3ExQ2w5amk2YzN4d1RnelFkbW9PMjM4d2ZIVE11WmdxWHlzCkt6VXEyQjNNTWdmcnpISGpQOXh6bjlTa2NkQUFzK1NsRnJRdU5CZkE5K3hFZmVmNXJOV1BBb0dCQU9JU3Rvc1YKM0VlRkhIbWZ5NnBDR1dBWVNsbDdvNHhDRU1DaGRrU3QrYmZrL2N2Zlh6WGd2TXc1SWg2UjdIYXg0WTM2TUFHVQpoTVh1TVZTc2ZiQlNid04yOFVCeHJkVkVTY21VV0ZlUUdVM0c2RHNEY3NJRDFOY1dLQjBjdlVHc1FzcUVOWURRClc5VC9rRzg3OW10TW5aQ1VFTUsvK01jbWkzTExPNGo4blhjREFvR0FSby9aWU16WnFEVXRyZHBaY1NiTVY0ajkKbkg1TTNCcWhXUnd5aENjendwYTdrMjdJYWRmTGtzRzl6SHI2RjBrNXpMTk1TaTZHYlRwSVRrL25aN3dWVElkZAp4NFA0NWhmYkJ1Qjh1TGhGZjNRUFZtY3VOUFI0YmpIU2x4ZlI0c0JYbFFFNlZFY0IrVkhOZnE0UWJYNklnL0Q4CnJBUGpKKzZMZ0tmZmxUSGtyZ2tDZ1lFQXVLWEFJdW0vK1VwbmI0OXNzYXM3UHBtWVlHM3pydU5tKzI3bFFrTTIKNjFSRlZ2Y2l0TWJTYlp0Y21zdGs3NjFxSktSc0FWNWs4NlVROWEvTkdPNjdiWUVBbXpvK1dTcGxlaGVIOER6cAo3ZlRBU1RNUDBCZUJDQXc0eDA1cDVmSGt1N1F3WHYzUGc3RVpMMEV5aTRFUVVMNGUwbklwcDc5N3RrNzRXWEs2CnlqRUNnWUFmMVVOdVNzd3AyTGgvWTE1bmJxbWliZVFKZGZad2wyc1BKUHNvVG45UUxLbFZPeTNUSW9hQThPTkcKNW5HOVUwbkxNMEFNWlBwaWZpa1Bic1BENnFLNE84VllIdmhIWHZuUDZvR3dQUERqK09TRVZaMU4xRThMa0t3MwpiNC9ETkRsVHIxMXpQWDNTNG1NSm1SRGpzRmxvbVhCWVgrajEwMFFBTzJFVXlDUG11Zz09Ci0tLS0tRU5EIFJTQSBQUklWQVRFIEtFWS0tLS0tCg==",
                            "master_auth.0.cluster_ca_certificate": "LS0tLS1CRUdJTiBDRVJUSUZJQ0FURS0tLS0tCk1JSURERENDQWZTZ0F3SUJBZ0lSQU51YzVzNVZJdDdXRmVLUnRvYXdXbFF3RFFZSktvWklodmNOQVFFTEJRQXcKTHpFdE1Dc0dBMVVFQXhNa1pqVmlaRFkyTkRVdFlqTTBOQzAwTkRZNExXRmtNR010Tm1GbFpqUmxaakl6TkRjMwpNQjRYRFRFNU1ESXdOREU0TlRBeE9Wb1hEVEkwTURJd016RTVOVEF4T1Zvd0x6RXRNQ3NHQTFVRUF4TWtaalZpClpEWTJORFV0WWpNME5DMDBORFk0TFdGa01HTXRObUZsWmpSbFpqSXpORGMzTUlJQklqQU5CZ2txaGtpRzl3MEIKQVFFRkFBT0NBUThBTUlJQkNnS0NBUUVBdTlRdk9aM3ZZVUhTeDY4K2RNUUZRSVlXOFFSSWxhbU9BV2VRMGdETQpwc2tCWk5uNGZLcWhaNUlCcTZSYzMvQjFiY2xJV0d5bXhDMlMzc3lkY3VHKzFRdkhDQXREbzZKSE4zS3hpMGtoCloraFl1R1lDZGJDWlVid1RhVVVLTTZjUGZRRFNuMEZWcnQ5SmZKN3NONlBsMlhCN2NXdHNoN3A3T01CeFJOYTYKV1Juc01BanFIRkx2MGZtOFVOM3M2NTdZS3YyTFhoakZSNHpMaGFzc01Pc01IZVp4TC9OcExsNE1qbE4yY0ZQbApVTWdLNW5OVkVFN0JRMUY5TDlmeEl4clFxNEdRWldiNjZ5WGpYVW01T3VjbFNQdDVQYnhLcTBUWmlZa3g4MDc2CjRyTWt4V1BtYVZ4dFZGYWtGbmFaWDhKb2VPekMzMUZzVW9EUTI1NjBXRkFUZlFJREFRQUJveU13SVRBT0JnTlYKSFE4QkFmOEVCQU1DQWdRd0R3WURWUjBUQVFIL0JBVXdBd0VCL3pBTkJna3Foa2lHOXcwQkFRc0ZBQU9DQVFFQQpadHhVMk04SEhsdzBnM0dZZ1h2ZTFHemNWNFdvcEJHSW5xSTE4UXZkQTd2OG5xV0kzL3hvYzhrNVBHOHk4Q1R4CnZXUjJiQ2NVbDVwcDFINHZQZmw0bkszdHV1V3J2ZjRCaStDUWV2SGdyRnNrcVMwb3c0Ukgzb0psOWFockhtdHYKSVorbCtXMVF6K3dIdHFVdkwwbTJLV0hRenlZM0NBOUI1STMySC9sWllyNVBWYkM0L29YeFkwTExTeXNIbzI0dwpnR29TVFp2SGN0OEdOVEZ3OVNEYlRLY0ZjS3NXUEgydTNObjdUSkxKTWtiZWZSRjI0NUFQclJlN0dJaWN0OVc4CjltaTlZbzNXU1hNNytKSW1CSHNYNjNFOXlEYnVLcjV6VFFFUE9DUFlkZGJyNkg2Yjk2L1hhbW5OT0N0WWljelgKamNDOWhkUCtQVnViQ0M5eDZoSXBjQT09Ci0tLS0tRU5EIENFUlRJRklDQVRFLS0tLS0K",
                            "master_auth.0.password": "XNbV1x4YFdPV3Yuz",
                            "master_auth.0.username": "admin",
                            "master_authorized_networks_config.#": "0",
                            "master_ipv4_cidr_block": "",
                            "master_version": "1.11.6-gke.2",
                            "monitoring_service": "monitoring.googleapis.com",
                            "name": "tutorial-gke-cluster",
                            "network": "projects/able-rune-147405/global/networks/default",
                            "network_policy.#": "1",
                            "network_policy.0.enabled": "false",
                            "network_policy.0.provider": "PROVIDER_UNSPECIFIED",
                            "node_config.#": "1",
                            "node_config.0.disk_size_gb": "100",
                            "node_config.0.disk_type": "pd-standard",
                            "node_config.0.guest_accelerator.#": "0",
                            "node_config.0.image_type": "COS_CONTAINERD",
                            "node_config.0.labels.%": "0",
                            "node_config.0.local_ssd_count": "0",
                            "node_config.0.machine_type": "n1-standard-1",
                            "node_config.0.metadata.%": "0",
                            "node_config.0.min_cpu_platform": "",
                            "node_config.0.oauth_scopes.#": "6",
                            "node_config.0.oauth_scopes.1277378754": "https://www.googleapis.com/auth/monitoring",
                            "node_config.0.oauth_scopes.1632638332": "https://www.googleapis.com/auth/devstorage.read_only",
                            "node_config.0.oauth_scopes.172152165": "https://www.googleapis.com/auth/logging.write",
                            "node_config.0.oauth_scopes.316356861": "https://www.googleapis.com/auth/service.management.readonly",
                            "node_config.0.oauth_scopes.3663490875": "https://www.googleapis.com/auth/servicecontrol",
                            "node_config.0.oauth_scopes.3859019814": "https://www.googleapis.com/auth/trace.append",
                            "node_config.0.preemptible": "false",
                            "node_config.0.service_account": "default",
                            "node_config.0.tags.#": "0",
                            "node_config.0.taint.#": "0",
                            "node_config.0.workload_metadata_config.#": "0",
                            "node_pool.#": "1",
                            "node_pool.0.autoscaling.#": "0",
                            "node_pool.0.initial_node_count": "3",
                            "node_pool.0.instance_group_urls.#": "1",
                            "node_pool.0.instance_group_urls.0": "https://www.googleapis.com/compute/v1/projects/able-rune-147405/zones/us-west1-a/instanceGroupManagers/gke-tutorial-gke-cluster-default-pool-eb6ada97-grp",
                            "node_pool.0.management.#": "1",
                            "node_pool.0.management.0.auto_repair": "false",
                            "node_pool.0.management.0.auto_upgrade": "false",
                            "node_pool.0.max_pods_per_node": "0",
                            "node_pool.0.name": "default-pool",
                            "node_pool.0.name_prefix": "",
                            "node_pool.0.node_config.#": "1",
                            "node_pool.0.node_config.0.disk_size_gb": "100",
                            "node_pool.0.node_config.0.disk_type": "pd-standard",
                            "node_pool.0.node_config.0.guest_accelerator.#": "0",
                            "node_pool.0.node_config.0.image_type": "COS_CONTAINERD",
                            "node_pool.0.node_config.0.labels.%": "0",
                            "node_pool.0.node_config.0.local_ssd_count": "0",
                            "node_pool.0.node_config.0.machine_type": "n1-standard-1",
                            "node_pool.0.node_config.0.metadata.%": "0",
                            "node_pool.0.node_config.0.min_cpu_platform": "",
                            "node_pool.0.node_config.0.oauth_scopes.#": "6",
                            "node_pool.0.node_config.0.oauth_scopes.1277378754": "https://www.googleapis.com/auth/monitoring",
                            "node_pool.0.node_config.0.oauth_scopes.1632638332": "https://www.googleapis.com/auth/devstorage.read_only",
                            "node_pool.0.node_config.0.oauth_scopes.172152165": "https://www.googleapis.com/auth/logging.write",
                            "node_pool.0.node_config.0.oauth_scopes.316356861": "https://www.googleapis.com/auth/service.management.readonly",
                            "node_pool.0.node_config.0.oauth_scopes.3663490875": "https://www.googleapis.com/auth/servicecontrol",
                            "node_pool.0.node_config.0.oauth_scopes.3859019814": "https://www.googleapis.com/auth/trace.append",
                            "node_pool.0.node_config.0.preemptible": "false",
                            "node_pool.0.node_config.0.service_account": "default",
                            "node_pool.0.node_config.0.tags.#": "0",
                            "node_pool.0.node_config.0.taint.#": "0",
                            "node_pool.0.node_config.0.workload_metadata_config.#": "0",
                            "node_pool.0.node_count": "3",
                            "node_pool.0.version": "1.11.6-gke.2",
                            "node_version": "1.11.6-gke.2",
                            "pod_security_policy_config.#": "0",
                            "private_cluster": "false",
                            "private_cluster_config.#": "0",
                            "project": "able-rune-147405",
                            "resource_labels.%": "0",
                            "subnetwork": "projects/able-rune-147405/regions/us-west1/subnetworks/default",
                            "zone": "us-west1-a"
                        },
                        "meta": {
                            "e2bfb730-ecaa-11e6-8f88-34363bc7c4c0": {
                                "create": 1800000000000,
                                "delete": 1800000000000,
                                "update": 600000000000
                            },
                            "schema_version": "1"
                        },
                        "tainted": false
                    },
                    "deposed": [],
                    "provider": "provider.google"
                },
                "google_container_node_pool.extra-pool": {
                    "type": "google_container_node_pool",
                    "depends_on": [
                        "google_container_cluster.gke-cluster"
                    ],
                    "primary": {
                        "id": "us-west1-a/tutorial-gke-cluster/extra-node-pool",
                        "attributes": {
                            "cluster": "tutorial-gke-cluster",
                            "id": "us-west1-a/tutorial-gke-cluster/extra-node-pool",
                            "initial_node_count": "3",
                            "instance_group_urls.#": "1",
                            "instance_group_urls.0": "https://www.googleapis.com/compute/v1/projects/able-rune-147405/zones/us-west1-a/instanceGroupManagers/gke-tutorial-gke-clus-extra-node-pool-6df11d34-grp",
                            "management.#": "1",
                            "management.0.auto_repair": "false",
                            "management.0.auto_upgrade": "false",
                            "name": "extra-node-pool",
                            "name_prefix": "",
                            "node_config.#": "1",
                            "node_config.0.disk_size_gb": "100",
                            "node_config.0.disk_type": "pd-standard",
                            "node_config.0.guest_accelerator.#": "0",
                            "node_config.0.image_type": "COS_CONTAINERD",
                            "node_config.0.labels.%": "0",
                            "node_config.0.local_ssd_count": "0",
                            "node_config.0.machine_type": "n1-standard-1",
                            "node_config.0.metadata.%": "0",
                            "node_config.0.min_cpu_platform": "",
                            "node_config.0.oauth_scopes.#": "6",
                            "node_config.0.oauth_scopes.1277378754": "https://www.googleapis.com/auth/monitoring",
                            "node_config.0.oauth_scopes.1632638332": "https://www.googleapis.com/auth/devstorage.read_only",
                            "node_config.0.oauth_scopes.172152165": "https://www.googleapis.com/auth/logging.write",
                            "node_config.0.oauth_scopes.316356861": "https://www.googleapis.com/auth/service.management.readonly",
                            "node_config.0.oauth_scopes.3663490875": "https://www.googleapis.com/auth/servicecontrol",
                            "node_config.0.oauth_scopes.3859019814": "https://www.googleapis.com/auth/trace.append",
                            "node_config.0.preemptible": "false",
                            "node_config.0.service_account": "default",
                            "node_config.0.tags.#": "0",
                            "node_config.0.taint.#": "0",
                            "node_config.0.workload_metadata_config.#": "0",
                            "node_count": "3",
                            "project": "able-rune-147405",
                            "version": "1.11.6-gke.2",
                            "zone": "us-west1-a"
                        },
                        "meta": {
                            "e2bfb730-ecaa-11e6-8f88-34363bc7c4c0": {
                                "create": 1800000000000,
                                "delete": 600000000000,
                                "update": 600000000000
                            },
                            "schema_version": "1"
                        },
                        "tainted": false
                    },
                    "deposed": [],
                    "provider": "provider.google"
                }
            },
            "depends_on": []
        }
    ]
}
